{
  "name": "lochner-tech-site",
  "version": "1.0.0",
  "lockfileVersion": 3,
  "requires": true,
  "packages": {
    "": {
      "name": "lochner-tech-site",
      "version": "1.0.0",
      "workspaces": [
        "packages/*"
      ],
      "dependencies": {
        "@lochner/ipfs-verification-widget": "file:packages/ipfs-verification-widget"
      }
    },
    "node_modules/@lochner/ipfs-verification-widget": {
      "resolved": "packages/ipfs-verification-widget",
      "link": true
    },
    "packages/ipfs-verification-widget": {
      "name": "@lochner/ipfs-verification-widget",
      "version": "1.0.0",
      "license": "UNLICENSED"
    }
  }
}
